
Microsoft Visual Studio Solution File, Format Version 12.00
Project("{FAE04EC0-301F-11D3-BF4B-00C04F79EFBC}") = "Card-Website", "Card-Website\Card-Website.csproj", "{A608BC1C-16A8-4DB8-B7B1-98D3D5D0832C}"
EndProject
Project("{FAE04EC0-301F-11D3-BF4B-00C04F79EFBC}") = "Card-Website2", "Card-Website2\Card-Website2.csproj", "{9C358D17-A328-4945-9E3D-E815FF79F398}"
EndProject
Global
	GlobalSection(SolutionConfigurationPlatforms) = preSolution
		Debug|Any CPU = Debug|Any CPU
		Release|Any CPU = Release|Any CPU
	EndGlobalSection
	GlobalSection(ProjectConfigurationPlatforms) = postSolution
		{A608BC1C-16A8-4DB8-B7B1-98D3D5D0832C}.Debug|Any CPU.ActiveCfg = Debug|Any CPU
		{A608BC1C-16A8-4DB8-B7B1-98D3D5D0832C}.Debug|Any CPU.Build.0 = Debug|Any CPU
		{A608BC1C-16A8-4DB8-B7B1-98D3D5D0832C}.Release|Any CPU.ActiveCfg = Release|Any CPU
		{A608BC1C-16A8-4DB8-B7B1-98D3D5D0832C}.Release|Any CPU.Build.0 = Release|Any CPU
		{9C358D17-A328-4945-9E3D-E815FF79F398}.Debug|Any CPU.ActiveCfg = Debug|Any CPU
		{9C358D17-A328-4945-9E3D-E815FF79F398}.Debug|Any CPU.Build.0 = Debug|Any CPU
		{9C358D17-A328-4945-9E3D-E815FF79F398}.Release|Any CPU.ActiveCfg = Release|Any CPU
		{9C358D17-A328-4945-9E3D-E815FF79F398}.Release|Any CPU.Build.0 = Release|Any CPU
	EndGlobalSection
EndGlobal
